// !$*UTF8*$!
{
	archiveVersion = 1;
	classes = {
	};
	objectVersion = 51;
	objects = {

/* Begin PBXBuildFile section */
		6F7F6783AD16DF5CAE01161B /* Pods_Billing__row_house_Billing__row_houseUITests.framework in Frameworks */ = {isa = PBXBuildFile; fileRef = 686CB645621AB569FAC0452B /* Pods_Billing__row_house_Billing__row_houseUITests.framework */; };
		BD1BFE70242E33CA0090928E /* ApartmentsModel.swift in Sources */ = {isa = PBXBuildFile; fileRef = BD1BFE6F242E33CA0090928E /* ApartmentsModel.swift */; };
		BD1E45E1242B9614004B9674 /* AppDelegate.swift in Sources */ = {isa = PBXBuildFile; fileRef = BD1E45E0242B9614004B9674 /* AppDelegate.swift */; };
		BD1E45E3242B9614004B9674 /* SceneDelegate.swift in Sources */ = {isa = PBXBuildFile; fileRef = BD1E45E2242B9614004B9674 /* SceneDelegate.swift */; };
		BD1E45E5242B9614004B9674 /* ContentView.swift in Sources */ = {isa = PBXBuildFile; fileRef = BD1E45E4242B9614004B9674 /* ContentView.swift */; };
		BD1E45E7242B9616004B9674 /* Assets.xcassets in Resources */ = {isa = PBXBuildFile; fileRef = BD1E45E6242B9616004B9674 /* Assets.xcassets */; };
		BD1E45EA242B9616004B9674 /* Preview Assets.xcassets in Resources */ = {isa = PBXBuildFile; fileRef = BD1E45E9242B9616004B9674 /* Preview Assets.xcassets */; };
		BD1E45ED242B9616004B9674 /* LaunchScreen.storyboard in Resources */ = {isa = PBXBuildFile; fileRef = BD1E45EB242B9616004B9674 /* LaunchScreen.storyboard */; };
		BD1E45F8242B9616004B9674 /* Billing__row_houseTests.swift in Sources */ = {isa = PBXBuildFile; fileRef = BD1E45F7242B9616004B9674 /* Billing__row_houseTests.swift */; };
		BD1E4603242B9616004B9674 /* Billing__row_houseUITests.swift in Sources */ = {isa = PBXBuildFile; fileRef = BD1E4602242B9616004B9674 /* Billing__row_houseUITests.swift */; };
		BD26D542242CE4040052E21F /* RoomView.swift in Sources */ = {isa = PBXBuildFile; fileRef = BD26D541242CE4040052E21F /* RoomView.swift */; };
		BD909ECD242E58E300891F92 /* SessionStore.swift in Sources */ = {isa = PBXBuildFile; fileRef = BD909ECC242E58E300891F92 /* SessionStore.swift */; };
		BD909ECF242E67CD00891F92 /* HomeView.swift in Sources */ = {isa = PBXBuildFile; fileRef = BD909ECE242E67CD00891F92 /* HomeView.swift */; };
		BD909ED2242E68B400891F92 /* Extension.swift in Sources */ = {isa = PBXBuildFile; fileRef = BD909ED1242E68B400891F92 /* Extension.swift */; };
		BDA3778B242D329500D77ED0 /* UsersModel.swift in Sources */ = {isa = PBXBuildFile; fileRef = BDA3778A242D329500D77ED0 /* UsersModel.swift */; };
		BDAD48BA0EF7FE62760237BE /* Pods_Billing__row_house.framework in Frameworks */ = {isa = PBXBuildFile; fileRef = 508C1CB8D894307A70F88365 /* Pods_Billing__row_house.framework */; };
		BDE0EE0C242D0F4B00A28E11 /* GoogleService-Info.plist in Resources */ = {isa = PBXBuildFile; fileRef = BDE0EE0B242D0F4B00A28E11 /* GoogleService-Info.plist */; };
		E1ABCAD4D21F4EDA97B1B9A2 /* Pods_Billing__row_houseTests.framework in Frameworks */ = {isa = PBXBuildFile; fileRef = 7D943C5FE27A0D20DB7F489F /* Pods_Billing__row_houseTests.framework */; };
/* End PBXBuildFile section */

/* Begin PBXContainerItemProxy section */
		BD1E45F4242B9616004B9674 /* PBXContainerItemProxy */ = {
			isa = PBXContainerItemProxy;
			containerPortal = BD1E45D5242B9614004B9674 /* Project object */;
			proxyType = 1;
			remoteGlobalIDString = BD1E45DC242B9614004B9674;
			remoteInfo = "Billing  row house";
		};
		BD1E45FF242B9616004B9674 /* PBXContainerItemProxy */ = {
			isa = PBXContainerItemProxy;
			containerPortal = BD1E45D5242B9614004B9674 /* Project object */;
			proxyType = 1;
			remoteGlobalIDString = BD1E45DC242B9614004B9674;
			remoteInfo = "Billing  row house";
		};
/* End PBXContainerItemProxy section */

/* Begin PBXFileReference section */
		1EBB9203AF49325A8050E270 /* Pods-Billing  row house-Billing  row houseUITests.debug.xcconfig */ = {isa = PBXFileReference; includeInIndex = 1; lastKnownFileType = text.xcconfig; name = "Pods-Billing  row house-Billing  row houseUITests.debug.xcconfig"; path = "Target Support Files/Pods-Billing  row house-Billing  row houseUITests/Pods-Billing  row house-Billing  row houseUITests.debug.xcconfig"; sourceTree = "<group>"; };
		3BA0D4FD90B09F2796A4D4B8 /* Pods-Billing  row houseTests.debug.xcconfig */ = {isa = PBXFileReference; includeInIndex = 1; lastKnownFileType = text.xcconfig; name = "Pods-Billing  row houseTests.debug.xcconfig"; path = "Target Support Files/Pods-Billing  row houseTests/Pods-Billing  row houseTests.debug.xcconfig"; sourceTree = "<group>"; };
		508C1CB8D894307A70F88365 /* Pods_Billing__row_house.framework */ = {isa = PBXFileReference; explicitFileType = wrapper.framework; includeInIndex = 0; path = Pods_Billing__row_house.framework; sourceTree = BUILT_PRODUCTS_DIR; };
		686CB645621AB569FAC0452B /* Pods_Billing__row_house_Billing__row_houseUITests.framework */ = {isa = PBXFileReference; explicitFileType = wrapper.framework; includeInIndex = 0; path = Pods_Billing__row_house_Billing__row_houseUITests.framework; sourceTree = BUILT_PRODUCTS_DIR; };
		7D943C5FE27A0D20DB7F489F /* Pods_Billing__row_houseTests.framework */ = {isa = PBXFileReference; explicitFileType = wrapper.framework; includeInIndex = 0; path = Pods_Billing__row_houseTests.framework; sourceTree = BUILT_PRODUCTS_DIR; };
		9A649675181BB32D2F12EC3F /* Pods-Billing  row house.debug.xcconfig */ = {isa = PBXFileReference; includeInIndex = 1; lastKnownFileType = text.xcconfig; name = "Pods-Billing  row house.debug.xcconfig"; path = "Target Support Files/Pods-Billing  row house/Pods-Billing  row house.debug.xcconfig"; sourceTree = "<group>"; };
		B634B5F25EAB3E7DB813CAD6 /* Pods-Billing  row house-Billing  row houseUITests.release.xcconfig */ = {isa = PBXFileReference; includeInIndex = 1; lastKnownFileType = text.xcconfig; name = "Pods-Billing  row house-Billing  row houseUITests.release.xcconfig"; path = "Target Support Files/Pods-Billing  row house-Billing  row houseUITests/Pods-Billing  row house-Billing  row houseUITests.release.xcconfig"; sourceTree = "<group>"; };
		B900A6A41AB71C7231ED9595 /* Pods-Billing  row houseTests.release.xcconfig */ = {isa = PBXFileReference; includeInIndex = 1; lastKnownFileType = text.xcconfig; name = "Pods-Billing  row houseTests.release.xcconfig"; path = "Target Support Files/Pods-Billing  row houseTests/Pods-Billing  row houseTests.release.xcconfig"; sourceTree = "<group>"; };
		BD1BFE6F242E33CA0090928E /* ApartmentsModel.swift */ = {isa = PBXFileReference; fileEncoding = 4; lastKnownFileType = sourcecode.swift; path = ApartmentsModel.swift; sourceTree = "<group>"; };
		BD1E45DD242B9614004B9674 /* Billing  row house.app */ = {isa = PBXFileReference; explicitFileType = wrapper.application; includeInIndex = 0; path = "Billing  row house.app"; sourceTree = BUILT_PRODUCTS_DIR; };
		BD1E45E0242B9614004B9674 /* AppDelegate.swift */ = {isa = PBXFileReference; lastKnownFileType = sourcecode.swift; path = AppDelegate.swift; sourceTree = "<group>"; };
		BD1E45E2242B9614004B9674 /* SceneDelegate.swift */ = {isa = PBXFileReference; lastKnownFileType = sourcecode.swift; path = SceneDelegate.swift; sourceTree = "<group>"; };
		BD1E45E4242B9614004B9674 /* ContentView.swift */ = {isa = PBXFileReference; lastKnownFileType = sourcecode.swift; path = ContentView.swift; sourceTree = "<group>"; };
		BD1E45E6242B9616004B9674 /* Assets.xcassets */ = {isa = PBXFileReference; lastKnownFileType = folder.assetcatalog; path = Assets.xcassets; sourceTree = "<group>"; };
		BD1E45E9242B9616004B9674 /* Preview Assets.xcassets */ = {isa = PBXFileReference; lastKnownFileType = folder.assetcatalog; path = "Preview Assets.xcassets"; sourceTree = "<group>"; };
		BD1E45EC242B9616004B9674 /* Base */ = {isa = PBXFileReference; lastKnownFileType = file.storyboard; name = Base; path = Base.lproj/LaunchScreen.storyboard; sourceTree = "<group>"; };
		BD1E45EE242B9616004B9674 /* Info.plist */ = {isa = PBXFileReference; lastKnownFileType = text.plist.xml; path = Info.plist; sourceTree = "<group>"; };
		BD1E45F3242B9616004B9674 /* Billing  row houseTests.xctest */ = {isa = PBXFileReference; explicitFileType = wrapper.cfbundle; includeInIndex = 0; path = "Billing  row houseTests.xctest"; sourceTree = BUILT_PRODUCTS_DIR; };
		BD1E45F7242B9616004B9674 /* Billing__row_houseTests.swift */ = {isa = PBXFileReference; lastKnownFileType = sourcecode.swift; path = Billing__row_houseTests.swift; sourceTree = "<group>"; };
		BD1E45F9242B9616004B9674 /* Info.plist */ = {isa = PBXFileReference; lastKnownFileType = text.plist.xml; path = Info.plist; sourceTree = "<group>"; };
		BD1E45FE242B9616004B9674 /* Billing  row houseUITests.xctest */ = {isa = PBXFileReference; explicitFileType = wrapper.cfbundle; includeInIndex = 0; path = "Billing  row houseUITests.xctest"; sourceTree = BUILT_PRODUCTS_DIR; };
		BD1E4602242B9616004B9674 /* Billing__row_houseUITests.swift */ = {isa = PBXFileReference; lastKnownFileType = sourcecode.swift; path = Billing__row_houseUITests.swift; sourceTree = "<group>"; };
		BD1E4604242B9616004B9674 /* Info.plist */ = {isa = PBXFileReference; lastKnownFileType = text.plist.xml; path = Info.plist; sourceTree = "<group>"; };
		BD26D541242CE4040052E21F /* RoomView.swift */ = {isa = PBXFileReference; lastKnownFileType = sourcecode.swift; path = RoomView.swift; sourceTree = "<group>"; };
		BD909ECC242E58E300891F92 /* SessionStore.swift */ = {isa = PBXFileReference; lastKnownFileType = sourcecode.swift; path = SessionStore.swift; sourceTree = "<group>"; };
		BD909ECE242E67CD00891F92 /* HomeView.swift */ = {isa = PBXFileReference; lastKnownFileType = sourcecode.swift; path = HomeView.swift; sourceTree = "<group>"; };
		BD909ED1242E68B400891F92 /* Extension.swift */ = {isa = PBXFileReference; lastKnownFileType = sourcecode.swift; path = Extension.swift; sourceTree = "<group>"; };
		BDA3778A242D329500D77ED0 /* UsersModel.swift */ = {isa = PBXFileReference; lastKnownFileType = sourcecode.swift; path = UsersModel.swift; sourceTree = "<group>"; };
		BDE0EE0B242D0F4B00A28E11 /* GoogleService-Info.plist */ = {isa = PBXFileReference; fileEncoding = 4; lastKnownFileType = text.plist.xml; name = "GoogleService-Info.plist"; path = "../../../../../../Downloads/GoogleService-Info.plist"; sourceTree = "<group>"; };
		F300EC338414981FF98EA1F4 /* Pods-Billing  row house.release.xcconfig */ = {isa = PBXFileReference; includeInIndex = 1; lastKnownFileType = text.xcconfig; name = "Pods-Billing  row house.release.xcconfig"; path = "Target Support Files/Pods-Billing  row house/Pods-Billing  row house.release.xcconfig"; sourceTree = "<group>"; };
/* End PBXFileReference section */

/* Begin PBXFrameworksBuildPhase section */
		BD1E45DA242B9614004B9674 /* Frameworks */ = {
			isa = PBXFrameworksBuildPhase;
			buildActionMask = 2147483647;
			files = (
				BDAD48BA0EF7FE62760237BE /* Pods_Billing__row_house.framework in Frameworks */,
			);
			runOnlyForDeploymentPostprocessing = 0;
		};
		BD1E45F0242B9616004B9674 /* Frameworks */ = {
			isa = PBXFrameworksBuildPhase;
			buildActionMask = 2147483647;
			files = (
				E1ABCAD4D21F4EDA97B1B9A2 /* Pods_Billing__row_houseTests.framework in Frameworks */,
			);
			runOnlyForDeploymentPostprocessing = 0;
		};
		BD1E45FB242B9616004B9674 /* Frameworks */ = {
			isa = PBXFrameworksBuildPhase;
			buildActionMask = 2147483647;
			files = (
				6F7F6783AD16DF5CAE01161B /* Pods_Billing__row_house_Billing__row_houseUITests.framework in Frameworks */,
			);
			runOnlyForDeploymentPostprocessing = 0;
		};
/* End PBXFrameworksBuildPhase section */

/* Begin PBXGroup section */
		BD1E45D4242B9614004B9674 = {
			isa = PBXGroup;
			children = (
				BD1E45DF242B9614004B9674 /* Billing  row house */,
				BD1E45F6242B9616004B9674 /* Billing  row houseTests */,
				BD1E4601242B9616004B9674 /* Billing  row houseUITests */,
				BD1E45DE242B9614004B9674 /* Products */,
				EC8BF28BDEBECCB2B4481B0F /* Pods */,
				D49B88122FF6278B6AC843A5 /* Frameworks */,
			);
			sourceTree = "<group>";
		};
		BD1E45DE242B9614004B9674 /* Products */ = {
			isa = PBXGroup;
			children = (
				BD1E45DD242B9614004B9674 /* Billing  row house.app */,
				BD1E45F3242B9616004B9674 /* Billing  row houseTests.xctest */,
				BD1E45FE242B9616004B9674 /* Billing  row houseUITests.xctest */,
			);
			name = Products;
			sourceTree = "<group>";
		};
		BD1E45DF242B9614004B9674 /* Billing  row house */ = {
			isa = PBXGroup;
			children = (
				BD909ED0242E689700891F92 /* Extension */,
				BD909ECB242E58D300891F92 /* Service */,
				BD1E45E0242B9614004B9674 /* AppDelegate.swift */,
				BD1E45E2242B9614004B9674 /* SceneDelegate.swift */,
				BD1E45E4242B9614004B9674 /* ContentView.swift */,
				BD909ECE242E67CD00891F92 /* HomeView.swift */,
				BD26D541242CE4040052E21F /* RoomView.swift */,
				BD1E45E6242B9616004B9674 /* Assets.xcassets */,
				BD1E45EB242B9616004B9674 /* LaunchScreen.storyboard */,
				BD1E45EE242B9616004B9674 /* Info.plist */,
				BDE0EE0B242D0F4B00A28E11 /* GoogleService-Info.plist */,
				BD1E45E8242B9616004B9674 /* Preview Content */,
				BDA37789242D327A00D77ED0 /* Model */,
			);
			path = "Billing  row house";
			sourceTree = "<group>";
		};
		BD1E45E8242B9616004B9674 /* Preview Content */ = {
			isa = PBXGroup;
			children = (
				BD1E45E9242B9616004B9674 /* Preview Assets.xcassets */,
			);
			path = "Preview Content";
			sourceTree = "<group>";
		};
		BD1E45F6242B9616004B9674 /* Billing  row houseTests */ = {
			isa = PBXGroup;
			children = (
				BD1E45F7242B9616004B9674 /* Billing__row_houseTests.swift */,
				BD1E45F9242B9616004B9674 /* Info.plist */,
			);
			path = "Billing  row houseTests";
			sourceTree = "<group>";
		};
		BD1E4601242B9616004B9674 /* Billing  row houseUITests */ = {
			isa = PBXGroup;
			children = (
				BD1E4602242B9616004B9674 /* Billing__row_houseUITests.swift */,
				BD1E4604242B9616004B9674 /* Info.plist */,
			);
			path = "Billing  row houseUITests";
			sourceTree = "<group>";
		};
		BD909ECB242E58D300891F92 /* Service */ = {
			isa = PBXGroup;
			children = (
				BD909ECC242E58E300891F92 /* SessionStore.swift */,
			);
			path = Service;
			sourceTree = "<group>";
		};
		BD909ED0242E689700891F92 /* Extension */ = {
			isa = PBXGroup;
			children = (
				BD909ED1242E68B400891F92 /* Extension.swift */,
			);
			path = Extension;
			sourceTree = "<group>";
		};
		BDA37789242D327A00D77ED0 /* Model */ = {
			isa = PBXGroup;
			children = (
				BD1BFE6F242E33CA0090928E /* ApartmentsModel.swift */,
				BDA3778A242D329500D77ED0 /* UsersModel.swift */,
			);
			path = Model;
			sourceTree = "<group>";
		};
		D49B88122FF6278B6AC843A5 /* Frameworks */ = {
			isa = PBXGroup;
			children = (
				508C1CB8D894307A70F88365 /* Pods_Billing__row_house.framework */,
				686CB645621AB569FAC0452B /* Pods_Billing__row_house_Billing__row_houseUITests.framework */,
				7D943C5FE27A0D20DB7F489F /* Pods_Billing__row_houseTests.framework */,
			);
			name = Frameworks;
			sourceTree = "<group>";
		};
		EC8BF28BDEBECCB2B4481B0F /* Pods */ = {
			isa = PBXGroup;
			children = (
				9A649675181BB32D2F12EC3F /* Pods-Billing  row house.debug.xcconfig */,
				F300EC338414981FF98EA1F4 /* Pods-Billing  row house.release.xcconfig */,
				1EBB9203AF49325A8050E270 /* Pods-Billing  row house-Billing  row houseUITests.debug.xcconfig */,
				B634B5F25EAB3E7DB813CAD6 /* Pods-Billing  row house-Billing  row houseUITests.release.xcconfig */,
				3BA0D4FD90B09F2796A4D4B8 /* Pods-Billing  row houseTests.debug.xcconfig */,
				B900A6A41AB71C7231ED9595 /* Pods-Billing  row houseTests.release.xcconfig */,
			);
			path = Pods;
			sourceTree = "<group>";
		};
/* End PBXGroup section */

/* Begin PBXNativeTarget section */
		BD1E45DC242B9614004B9674 /* Billing  row house */ = {
			isa = PBXNativeTarget;
			buildConfigurationList = BD1E4607242B9616004B9674 /* Build configuration list for PBXNativeTarget "Billing  row house" */;
			buildPhases = (
				90CCD20C3023742973E75921 /* [CP] Check Pods Manifest.lock */,
				BD1E45D9242B9614004B9674 /* Sources */,
				BD1E45DA242B9614004B9674 /* Frameworks */,
				BD1E45DB242B9614004B9674 /* Resources */,
				6E7A409FFEDD5E1835398CE8 /* [CP] Embed Pods Frameworks */,
			);
			buildRules = (
			);
			dependencies = (
			);
			name = "Billing  row house";
			productName = "Billing  row house";
			productReference = BD1E45DD242B9614004B9674 /* Billing  row house.app */;
			productType = "com.apple.product-type.application";
		};
		BD1E45F2242B9616004B9674 /* Billing  row houseTests */ = {
			isa = PBXNativeTarget;
			buildConfigurationList = BD1E460A242B9616004B9674 /* Build configuration list for PBXNativeTarget "Billing  row houseTests" */;
			buildPhases = (
				57821FCBE75F6A6DBD02F75A /* [CP] Check Pods Manifest.lock */,
				BD1E45EF242B9616004B9674 /* Sources */,
				BD1E45F0242B9616004B9674 /* Frameworks */,
				BD1E45F1242B9616004B9674 /* Resources */,
			);
			buildRules = (
			);
			dependencies = (
				BD1E45F5242B9616004B9674 /* PBXTargetDependency */,
			);
			name = "Billing  row houseTests";
			productName = "Billing  row houseTests";
			productReference = BD1E45F3242B9616004B9674 /* Billing  row houseTests.xctest */;
			productType = "com.apple.product-type.bundle.unit-test";
		};
		BD1E45FD242B9616004B9674 /* Billing  row houseUITests */ = {
			isa = PBXNativeTarget;
			buildConfigurationList = BD1E460D242B9616004B9674 /* Build configuration list for PBXNativeTarget "Billing  row houseUITests" */;
			buildPhases = (
				3F282F35B9AB024BB2B62DF9 /* [CP] Check Pods Manifest.lock */,
				BD1E45FA242B9616004B9674 /* Sources */,
				BD1E45FB242B9616004B9674 /* Frameworks */,
				BD1E45FC242B9616004B9674 /* Resources */,
				6D08482614D4CB1EAF42D996 /* [CP] Embed Pods Frameworks */,
			);
			buildRules = (
			);
			dependencies = (
				BD1E4600242B9616004B9674 /* PBXTargetDependency */,
			);
			name = "Billing  row houseUITests";
			productName = "Billing  row houseUITests";
			productReference = BD1E45FE242B9616004B9674 /* Billing  row houseUITests.xctest */;
			productType = "com.apple.product-type.bundle.ui-testing";
		};
/* End PBXNativeTarget section */

/* Begin PBXProject section */
		BD1E45D5242B9614004B9674 /* Project object */ = {
			isa = PBXProject;
			attributes = {
				LastSwiftUpdateCheck = 1130;
				LastUpgradeCheck = 1130;
				ORGANIZATIONNAME = "Surachat Yaitammasan";
				TargetAttributes = {
					BD1E45DC242B9614004B9674 = {
						CreatedOnToolsVersion = 11.3.1;
					};
					BD1E45F2242B9616004B9674 = {
						CreatedOnToolsVersion = 11.3.1;
						TestTargetID = BD1E45DC242B9614004B9674;
					};
					BD1E45FD242B9616004B9674 = {
						CreatedOnToolsVersion = 11.3.1;
						TestTargetID = BD1E45DC242B9614004B9674;
					};
				};
			};
			buildConfigurationList = BD1E45D8242B9614004B9674 /* Build configuration list for PBXProject "Billing  row house" */;
			compatibilityVersion = "Xcode 9.3";
			developmentRegion = en;
			hasScannedForEncodings = 0;
			knownRegions = (
				en,
				Base,
			);
			mainGroup = BD1E45D4242B9614004B9674;
			productRefGroup = BD1E45DE242B9614004B9674 /* Products */;
			projectDirPath = "";
			projectRoot = "";
			targets = (
				BD1E45DC242B9614004B9674 /* Billing  row house */,
				BD1E45F2242B9616004B9674 /* Billing  row houseTests */,
				BD1E45FD242B9616004B9674 /* Billing  row houseUITests */,
			);
		};
/* End PBXProject section */

/* Begin PBXResourcesBuildPhase section */
		BD1E45DB242B9614004B9674 /* Resources */ = {
			isa = PBXResourcesBuildPhase;
			buildActionMask = 2147483647;
			files = (
				BD1E45ED242B9616004B9674 /* LaunchScreen.storyboard in Resources */,
				BDE0EE0C242D0F4B00A28E11 /* GoogleService-Info.plist in Resources */,
				BD1E45EA242B9616004B9674 /* Preview Assets.xcassets in Resources */,
				BD1E45E7242B9616004B9674 /* Assets.xcassets in Resources */,
			);
			runOnlyForDeploymentPostprocessing = 0;
		};
		BD1E45F1242B9616004B9674 /* Resources */ = {
			isa = PBXResourcesBuildPhase;
			buildActionMask = 2147483647;
			files = (
			);
			runOnlyForDeploymentPostprocessing = 0;
		};
		BD1E45FC242B9616004B9674 /* Resources */ = {
			isa = PBXResourcesBuildPhase;
			buildActionMask = 2147483647;
			files = (
			);
			runOnlyForDeploymentPostprocessing = 0;
		};
/* End PBXResourcesBuildPhase section */

/* Begin PBXShellScriptBuildPhase section */
		3F282F35B9AB024BB2B62DF9 /* [CP] Check Pods Manifest.lock */ = {
			isa = PBXShellScriptBuildPhase;
			buildActionMask = 2147483647;
			files = (
			);
			inputFileListPaths = (
			);
			inputPaths = (
				"${PODS_PODFILE_DIR_PATH}/Podfile.lock",
				"${PODS_ROOT}/Manifest.lock",
			);
			name = "[CP] Check Pods Manifest.lock";
			outputFileListPaths = (
			);
			outputPaths = (
				"$(DERIVED_FILE_DIR)/Pods-Billing  row house-Billing  row houseUITests-checkManifestLockResult.txt",
			);
			runOnlyForDeploymentPostprocessing = 0;
			shellPath = /bin/sh;
			shellScript = "diff \"${PODS_PODFILE_DIR_PATH}/Podfile.lock\" \"${PODS_ROOT}/Manifest.lock\" > /dev/null\nif [ $? != 0 ] ; then\n    # print error to STDERR\n    echo \"error: The sandbox is not in sync with the Podfile.lock. Run 'pod install' or update your CocoaPods installation.\" >&2\n    exit 1\nfi\n# This output is used by Xcode 'outputs' to avoid re-running this script phase.\necho \"SUCCESS\" > \"${SCRIPT_OUTPUT_FILE_0}\"\n";
			showEnvVarsInLog = 0;
		};
		57821FCBE75F6A6DBD02F75A /* [CP] Check Pods Manifest.lock */ = {
			isa = PBXShellScriptBuildPhase;
			buildActionMask = 2147483647;
			files = (
			);
			inputFileListPaths = (
			);
			inputPaths = (
				"${PODS_PODFILE_DIR_PATH}/Podfile.lock",
				"${PODS_ROOT}/Manifest.lock",
			);
			name = "[CP] Check Pods Manifest.lock";
			outputFileListPaths = (
			);
			outputPaths = (
				"$(DERIVED_FILE_DIR)/Pods-Billing  row houseTests-checkManifestLockResult.txt",
			);
			runOnlyForDeploymentPostprocessing = 0;
			shellPath = /bin/sh;
			shellScript = "diff \"${PODS_PODFILE_DIR_PATH}/Podfile.lock\" \"${PODS_ROOT}/Manifest.lock\" > /dev/null\nif [ $? != 0 ] ; then\n    # print error to STDERR\n    echo \"error: The sandbox is not in sync with the Podfile.lock. Run 'pod install' or update your CocoaPods installation.\" >&2\n    exit 1\nfi\n# This output is used by Xcode 'outputs' to avoid re-running this script phase.\necho \"SUCCESS\" > \"${SCRIPT_OUTPUT_FILE_0}\"\n";
			showEnvVarsInLog = 0;
		};
		6D08482614D4CB1EAF42D996 /* [CP] Embed Pods Frameworks */ = {
			isa = PBXShellScriptBuildPhase;
			buildActionMask = 2147483647;
			files = (
			);
			inputFileListPaths = (
				"${PODS_ROOT}/Target Support Files/Pods-Billing  row house-Billing  row houseUITests/Pods-Billing  row house-Billing  row houseUITests-frameworks-${CONFIGURATION}-input-files.xcfilelist",
			);
			name = "[CP] Embed Pods Frameworks";
			outputFileListPaths = (
				"${PODS_ROOT}/Target Support Files/Pods-Billing  row house-Billing  row houseUITests/Pods-Billing  row house-Billing  row houseUITests-frameworks-${CONFIGURATION}-output-files.xcfilelist",
			);
			runOnlyForDeploymentPostprocessing = 0;
			shellPath = /bin/sh;
			shellScript = "\"${PODS_ROOT}/Target Support Files/Pods-Billing  row house-Billing  row houseUITests/Pods-Billing  row house-Billing  row houseUITests-frameworks.sh\"\n";
			showEnvVarsInLog = 0;
		};
		6E7A409FFEDD5E1835398CE8 /* [CP] Embed Pods Frameworks */ = {
			isa = PBXShellScriptBuildPhase;
			buildActionMask = 2147483647;
			files = (
			);
			inputFileListPaths = (
				"${PODS_ROOT}/Target Support Files/Pods-Billing  row house/Pods-Billing  row house-frameworks-${CONFIGURATION}-input-files.xcfilelist",
			);
			name = "[CP] Embed Pods Frameworks";
			outputFileListPaths = (
				"${PODS_ROOT}/Target Support Files/Pods-Billing  row house/Pods-Billing  row house-frameworks-${CONFIGURATION}-output-files.xcfilelist",
			);
			runOnlyForDeploymentPostprocessing = 0;
			shellPath = /bin/sh;
			shellScript = "\"${PODS_ROOT}/Target Support Files/Pods-Billing  row house/Pods-Billing  row house-frameworks.sh\"\n";
			showEnvVarsInLog = 0;
		};
		90CCD20C3023742973E75921 /* [CP] Check Pods Manifest.lock */ = {
			isa = PBXShellScriptBuildPhase;
			buildActionMask = 2147483647;
			files = (
			);
			inputFileListPaths = (
			);
			inputPaths = (
				"${PODS_PODFILE_DIR_PATH}/Podfile.lock",
				"${PODS_ROOT}/Manifest.lock",
			);
			name = "[CP] Check Pods Manifest.lock";
			outputFileListPaths = (
			);
			outputPaths = (
				"$(DERIVED_FILE_DIR)/Pods-Billing  row house-checkManifestLockResult.txt",
			);
			runOnlyForDeploymentPostprocessing = 0;
			shellPath = /bin/sh;
			shellScript = "diff \"${PODS_PODFILE_DIR_PATH}/Podfile.lock\" \"${PODS_ROOT}/Manifest.lock\" > /dev/null\nif [ $? != 0 ] ; then\n    # print error to STDERR\n    echo \"error: The sandbox is not in sync with the Podfile.lock. Run 'pod install' or update your CocoaPods installation.\" >&2\n    exit 1\nfi\n# This output is used by Xcode 'outputs' to avoid re-running this script phase.\necho \"SUCCESS\" > \"${SCRIPT_OUTPUT_FILE_0}\"\n";
			showEnvVarsInLog = 0;
		};
/* End PBXShellScriptBuildPhase section */

/* Begin PBXSourcesBuildPhase section */
		BD1E45D9242B9614004B9674 /* Sources */ = {
			isa = PBXSourcesBuildPhase;
			buildActionMask = 2147483647;
			files = (
				BD909ED2242E68B400891F92 /* Extension.swift in Sources */,
				BD1BFE70242E33CA0090928E /* ApartmentsModel.swift in Sources */,
				BD909ECD242E58E300891F92 /* SessionStore.swift in Sources */,
				BD1E45E1242B9614004B9674 /* AppDelegate.swift in Sources */,
				BD1E45E3242B9614004B9674 /* SceneDelegate.swift in Sources */,
				BDA3778B242D329500D77ED0 /* UsersModel.swift in Sources */,
				BD909ECF242E67CD00891F92 /* HomeView.swift in Sources */,
				BD26D542242CE4040052E21F /* RoomView.swift in Sources */,
				BD1E45E5242B9614004B9674 /* ContentView.swift in Sources */,
			);
			runOnlyForDeploymentPostprocessing = 0;
		};
		BD1E45EF242B9616004B9674 /* Sources */ = {
			isa = PBXSourcesBuildPhase;
			buildActionMask = 2147483647;
			files = (
				BD1E45F8242B9616004B9674 /* Billing__row_houseTests.swift in Sources */,
			);
			runOnlyForDeploymentPostprocessing = 0;
		};
		BD1E45FA242B9616004B9674 /* Sources */ = {
			isa = PBXSourcesBuildPhase;
			buildActionMask = 2147483647;
			files = (
				BD1E4603242B9616004B9674 /* Billing__row_houseUITests.swift in Sources */,
			);
			runOnlyForDeploymentPostprocessing = 0;
		};
/* End PBXSourcesBuildPhase section */

/* Begin PBXTargetDependency section */
		BD1E45F5242B9616004B9674 /* PBXTargetDependency */ = {
			isa = PBXTargetDependency;
			target = BD1E45DC242B9614004B9674 /* Billing  row house */;
			targetProxy = BD1E45F4242B9616004B9674 /* PBXContainerItemProxy */;
		};
		BD1E4600242B9616004B9674 /* PBXTargetDependency */ = {
			isa = PBXTargetDependency;
			target = BD1E45DC242B9614004B9674 /* Billing  row house */;
			targetProxy = BD1E45FF242B9616004B9674 /* PBXContainerItemProxy */;
		};
/* End PBXTargetDependency section */

/* Begin PBXVariantGroup section */
		BD1E45EB242B9616004B9674 /* LaunchScreen.storyboard */ = {
			isa = PBXVariantGroup;
			children = (
				BD1E45EC242B9616004B9674 /* Base */,
			);
			name = LaunchScreen.storyboard;
			sourceTree = "<group>";
		};
/* End PBXVariantGroup section */

/* Begin XCBuildConfiguration section */
		BD1E4605242B9616004B9674 /* Debug */ = {
			isa = XCBuildConfiguration;
			buildSettings = {
				ALWAYS_SEARCH_USER_PATHS = NO;
				CLANG_ANALYZER_NONNULL = YES;
				CLANG_ANALYZER_NUMBER_OBJECT_CONVERSION = YES_AGGRESSIVE;
				CLANG_CXX_LANGUAGE_STANDARD = "gnu++14";
				CLANG_CXX_LIBRARY = "libc++";
				CLANG_ENABLE_MODULES = YES;
				CLANG_ENABLE_OBJC_ARC = YES;
				CLANG_ENABLE_OBJC_WEAK = YES;
				CLANG_WARN_BLOCK_CAPTURE_AUTORELEASING = YES;
				CLANG_WARN_BOOL_CONVERSION = YES;
				CLANG_WARN_COMMA = YES;
				CLANG_WARN_CONSTANT_CONVERSION = YES;
				CLANG_WARN_DEPRECATED_OBJC_IMPLEMENTATIONS = YES;
				CLANG_WARN_DIRECT_OBJC_ISA_USAGE = YES_ERROR;
				CLANG_WARN_DOCUMENTATION_COMMENTS = YES;
				CLANG_WARN_EMPTY_BODY = YES;
				CLANG_WARN_ENUM_CONVERSION = YES;
				CLANG_WARN_INFINITE_RECURSION = YES;
				CLANG_WARN_INT_CONVERSION = YES;
				CLANG_WARN_NON_LITERAL_NULL_CONVERSION = YES;
				CLANG_WARN_OBJC_IMPLICIT_RETAIN_SELF = YES;
				CLANG_WARN_OBJC_LITERAL_CONVERSION = YES;
				CLANG_WARN_OBJC_ROOT_CLASS = YES_ERROR;
				CLANG_WARN_RANGE_LOOP_ANALYSIS = YES;
				CLANG_WARN_STRICT_PROTOTYPES = YES;
				CLANG_WARN_SUSPICIOUS_MOVE = YES;
				CLANG_WARN_UNGUARDED_AVAILABILITY = YES_AGGRESSIVE;
				CLANG_WARN_UNREACHABLE_CODE = YES;
				CLANG_WARN__DUPLICATE_METHOD_MATCH = YES;
				COPY_PHASE_STRIP = NO;
				DEBUG_INFORMATION_FORMAT = dwarf;
				ENABLE_STRICT_OBJC_MSGSEND = YES;
				ENABLE_TESTABILITY = YES;
				GCC_C_LANGUAGE_STANDARD = gnu11;
				GCC_DYNAMIC_NO_PIC = NO;
				GCC_NO_COMMON_BLOCKS = YES;
				GCC_OPTIMIZATION_LEVEL = 0;
				GCC_PREPROCESSOR_DEFINITIONS = (
					"DEBUG=1",
					"$(inherited)",
				);
				GCC_WARN_64_TO_32_BIT_CONVERSION = YES;
				GCC_WARN_ABOUT_RETURN_TYPE = YES_ERROR;
				GCC_WARN_UNDECLARED_SELECTOR = YES;
				GCC_WARN_UNINITIALIZED_AUTOS = YES_AGGRESSIVE;
				GCC_WARN_UNUSED_FUNCTION = YES;
				GCC_WARN_UNUSED_VARIABLE = YES;
				IPHONEOS_DEPLOYMENT_TARGET = 13.2;
				MTL_ENABLE_DEBUG_INFO = INCLUDE_SOURCE;
				MTL_FAST_MATH = YES;
				ONLY_ACTIVE_ARCH = YES;
				SDKROOT = iphoneos;
				SWIFT_ACTIVE_COMPILATION_CONDITIONS = DEBUG;
				SWIFT_OPTIMIZATION_LEVEL = "-Onone";
			};
			name = Debug;
		};
		BD1E4606242B9616004B9674 /* Release */ = {
			isa = XCBuildConfiguration;
			buildSettings = {
				ALWAYS_SEARCH_USER_PATHS = NO;
				CLANG_ANALYZER_NONNULL = YES;
				CLANG_ANALYZER_NUMBER_OBJECT_CONVERSION = YES_AGGRESSIVE;
				CLANG_CXX_LANGUAGE_STANDARD = "gnu++14";
				CLANG_CXX_LIBRARY = "libc++";
				CLANG_ENABLE_MODULES = YES;
				CLANG_ENABLE_OBJC_ARC = YES;
				CLANG_ENABLE_OBJC_WEAK = YES;
				CLANG_WARN_BLOCK_CAPTURE_AUTORELEASING = YES;
				CLANG_WARN_BOOL_CONVERSION = YES;
				CLANG_WARN_COMMA = YES;
				CLANG_WARN_CONSTANT_CONVERSION = YES;
				CLANG_WARN_DEPRECATED_OBJC_IMPLEMENTATIONS = YES;
				CLANG_WARN_DIRECT_OBJC_ISA_USAGE = YES_ERROR;
				CLANG_WARN_DOCUMENTATION_COMMENTS = YES;
				CLANG_WARN_EMPTY_BODY = YES;
				CLANG_WARN_ENUM_CONVERSION = YES;
				CLANG_WARN_INFINITE_RECURSION = YES;
				CLANG_WARN_INT_CONVERSION = YES;
				CLANG_WARN_NON_LITERAL_NULL_CONVERSION = YES;
				CLANG_WARN_OBJC_IMPLICIT_RETAIN_SELF = YES;
				CLANG_WARN_OBJC_LITERAL_CONVERSION = YES;
				CLANG_WARN_OBJC_ROOT_CLASS = YES_ERROR;
				CLANG_WARN_RANGE_LOOP_ANALYSIS = YES;
				CLANG_WARN_STRICT_PROTOTYPES = YES;
				CLANG_WARN_SUSPICIOUS_MOVE = YES;
				CLANG_WARN_UNGUARDED_AVAILABILITY = YES_AGGRESSIVE;
				CLANG_WARN_UNREACHABLE_CODE = YES;
				CLANG_WARN__DUPLICATE_METHOD_MATCH = YES;
				COPY_PHASE_STRIP = NO;
				DEBUG_INFORMATION_FORMAT = "dwarf-with-dsym";
				ENABLE_NS_ASSERTIONS = NO;
				ENABLE_STRICT_OBJC_MSGSEND = YES;
				GCC_C_LANGUAGE_STANDARD = gnu11;
				GCC_NO_COMMON_BLOCKS = YES;
				GCC_WARN_64_TO_32_BIT_CONVERSION = YES;
				GCC_WARN_ABOUT_RETURN_TYPE = YES_ERROR;
				GCC_WARN_UNDECLARED_SELECTOR = YES;
				GCC_WARN_UNINITIALIZED_AUTOS = YES_AGGRESSIVE;
				GCC_WARN_UNUSED_FUNCTION = YES;
				GCC_WARN_UNUSED_VARIABLE = YES;
				IPHONEOS_DEPLOYMENT_TARGET = 13.2;
				MTL_ENABLE_DEBUG_INFO = NO;
				MTL_FAST_MATH = YES;
				SDKROOT = iphoneos;
				SWIFT_COMPILATION_MODE = wholemodule;
				SWIFT_OPTIMIZATION_LEVEL = "-O";
				VALIDATE_PRODUCT = YES;
			};
			name = Release;
		};
		BD1E4608242B9616004B9674 /* Debug */ = {
			isa = XCBuildConfiguration;
			baseConfigurationReference = 9A649675181BB32D2F12EC3F /* Pods-Billing  row house.debug.xcconfig */;
			buildSettings = {
				ASSETCATALOG_COMPILER_APPICON_NAME = AppIcon;
				CODE_SIGN_STYLE = Automatic;
				DEVELOPMENT_ASSET_PATHS = "\"Billing  row house/Preview Content\"";
				DEVELOPMENT_TEAM = PHK95RXFWX;
				ENABLE_PREVIEWS = YES;
				INFOPLIST_FILE = "Billing  row house/Info.plist";
				LD_RUNPATH_SEARCH_PATHS = (
					"$(inherited)",
					"@executable_path/Frameworks",
				);
				PRODUCT_BUNDLE_IDENTIFIER = "surachet.skyzwing.Billing--row-house";
				PRODUCT_NAME = "Billing  row house";
				SWIFT_VERSION = 5.0;
				TARGETED_DEVICE_FAMILY = "1,2";
			};
			name = Debug;
		};
		BD1E4609242B9616004B9674 /* Release */ = {
			isa = XCBuildConfiguration;
			baseConfigurationReference = F300EC338414981FF98EA1F4 /* Pods-Billing  row house.release.xcconfig */;
			buildSettings = {
				ASSETCATALOG_COMPILER_APPICON_NAME = AppIcon;
				CODE_SIGN_STYLE = Automatic;
				DEVELOPMENT_ASSET_PATHS = "\"Billing  row house/Preview Content\"";
				DEVELOPMENT_TEAM = PHK95RXFWX;
				ENABLE_PREVIEWS = YES;
				INFOPLIST_FILE = "Billing  row house/Info.plist";
				LD_RUNPATH_SEARCH_PATHS = (
					"$(inherited)",
					"@executable_path/Frameworks",
				);
				PRODUCT_BUNDLE_IDENTIFIER = "surachet.skyzwing.Billing--row-house";
				PRODUCT_NAME = "Billing  row house";
				SWIFT_VERSION = 5.0;
				TARGETED_DEVICE_FAMILY = "1,2";
			};
			name = Release;
		};
		BD1E460B242B9616004B9674 /* Debug */ = {
			isa = XCBuildConfiguration;
			baseConfigurationReference = 3BA0D4FD90B09F2796A4D4B8 /* Pods-Billing  row houseTests.debug.xcconfig */;
			buildSettings = {
				ALWAYS_EMBED_SWIFT_STANDARD_LIBRARIES = YES;
				BUNDLE_LOADER = "$(TEST_HOST)";
				CODE_SIGN_STYLE = Automatic;
				DEVELOPMENT_TEAM = PHK95RXFWX;
				INFOPLIST_FILE = "Billing  row houseTests/Info.plist";
				IPHONEOS_DEPLOYMENT_TARGET = 13.2;
				LD_RUNPATH_SEARCH_PATHS = (
					"$(inherited)",
					"@executable_path/Frameworks",
					"@loader_path/Frameworks",
				);
				PRODUCT_BUNDLE_IDENTIFIER = "surachet.skyzwing.Billing--row-houseTests";
				PRODUCT_NAME = "$(TARGET_NAME)";
				SWIFT_VERSION = 5.0;
				TARGETED_DEVICE_FAMILY = "1,2";
				TEST_HOST = "$(BUILT_PRODUCTS_DIR)/Billing  row house.app/Billing  row house";
			};
			name = Debug;
		};
		BD1E460C242B9616004B9674 /* Release */ = {
			isa = XCBuildConfiguration;
			baseConfigurationReference = B900A6A41AB71C7231ED9595 /* Pods-Billing  row houseTests.release.xcconfig */;
			buildSettings = {
				ALWAYS_EMBED_SWIFT_STANDARD_LIBRARIES = YES;
				BUNDLE_LOADER = "$(TEST_HOST)";
				CODE_SIGN_STYLE = Automatic;
				DEVELOPMENT_TEAM = PHK95RXFWX;
				INFOPLIST_FILE = "Billing  row houseTests/Info.plist";
				IPHONEOS_DEPLOYMENT_TARGET = 13.2;
				LD_RUNPATH_SEARCH_PATHS = (
					"$(inherited)",
					"@executable_path/Frameworks",
					"@loader_path/Frameworks",
				);
				PRODUCT_BUNDLE_IDENTIFIER = "surachet.skyzwing.Billing--row-houseTests";
				PRODUCT_NAME = "$(TARGET_NAME)";
				SWIFT_VERSION = 5.0;
				TARGETED_DEVICE_FAMILY = "1,2";
				TEST_HOST = "$(BUILT_PRODUCTS_DIR)/Billing  row house.app/Billing  row house";
			};
			name = Release;
		};
		BD1E460E242B9616004B9674 /* Debug */ = {
			isa = XCBuildConfiguration;
			baseConfigurationReference = 1EBB9203AF49325A8050E270 /* Pods-Billing  row house-Billing  row houseUITests.debug.xcconfig */;
			buildSettings = {
				ALWAYS_EMBED_SWIFT_STANDARD_LIBRARIES = YES;
				CODE_SIGN_STYLE = Automatic;
				DEVELOPMENT_TEAM = PHK95RXFWX;
				INFOPLIST_FILE = "Billing  row houseUITests/Info.plist";
				LD_RUNPATH_SEARCH_PATHS = (
					"$(inherited)",
					"@executable_path/Frameworks",
					"@loader_path/Frameworks",
				);
				PRODUCT_BUNDLE_IDENTIFIER = "surachet.skyzwing.Billing--row-houseUITests";
				PRODUCT_NAME = "$(TARGET_NAME)";
				SWIFT_VERSION = 5.0;
				TARGETED_DEVICE_FAMILY = "1,2";
				TEST_TARGET_NAME = "Billing  row house";
			};
			name = Debug;
		};
		BD1E460F242B9616004B9674 /* Release */ = {
			isa = XCBuildConfiguration;
			baseConfigurationReference = B634B5F25EAB3E7DB813CAD6 /* Pods-Billing  row house-Billing  row houseUITests.release.xcconfig */;
			buildSettings = {
				ALWAYS_EMBED_SWIFT_STANDARD_LIBRARIES = YES;
				CODE_SIGN_STYLE = Automatic;
				DEVELOPMENT_TEAM = PHK95RXFWX;
				INFOPLIST_FILE = "Billing  row houseUITests/Info.plist";
				LD_RUNPATH_SEARCH_PATHS = (
					"$(inherited)",
					"@executable_path/Frameworks",
					"@loader_path/Frameworks",
				);
				PRODUCT_BUNDLE_IDENTIFIER = "surachet.skyzwing.Billing--row-houseUITests";
				PRODUCT_NAME = "$(TARGET_NAME)";
				SWIFT_VERSION = 5.0;
				TARGETED_DEVICE_FAMILY = "1,2";
				TEST_TARGET_NAME = "Billing  row house";
			};
			name = Release;
		};
/* End XCBuildConfiguration section */

/* Begin XCConfigurationList section */
		BD1E45D8242B9614004B9674 /* Build configuration list for PBXProject "Billing  row house" */ = {
			isa = XCConfigurationList;
			buildConfigurations = (
				BD1E4605242B9616004B9674 /* Debug */,
				BD1E4606242B9616004B9674 /* Release */,
			);
			defaultConfigurationIsVisible = 0;
			defaultConfigurationName = Release;
		};
		BD1E4607242B9616004B9674 /* Build configuration list for PBXNativeTarget "Billing  row house" */ = {
			isa = XCConfigurationList;
			buildConfigurations = (
				BD1E4608242B9616004B9674 /* Debug */,
				BD1E4609242B9616004B9674 /* Release */,
			);
			defaultConfigurationIsVisible = 0;
			defaultConfigurationName = Release;
		};
		BD1E460A242B9616004B9674 /* Build configuration list for PBXNativeTarget "Billing  row houseTests" */ = {
			isa = XCConfigurationList;
			buildConfigurations = (
				BD1E460B242B9616004B9674 /* Debug */,
				BD1E460C242B9616004B9674 /* Release */,
			);
			defaultConfigurationIsVisible = 0;
			defaultConfigurationName = Release;
		};
		BD1E460D242B9616004B9674 /* Build configuration list for PBXNativeTarget "Billing  row houseUITests" */ = {
			isa = XCConfigurationList;
			buildConfigurations = (
				BD1E460E242B9616004B9674 /* Debug */,
				BD1E460F242B9616004B9674 /* Release */,
			);
			defaultConfigurationIsVisible = 0;
			defaultConfigurationName = Release;
		};
/* End XCConfigurationList section */
	};
	rootObject = BD1E45D5242B9614004B9674 /* Project object */;
}
